
Microsoft Visual Studio Solution File, Format Version 12.00
# Visual Studio Version 17
VisualStudioVersion = 17.14.36221.1 d17.14
MinimumVisualStudioVersion = 10.0.40219.1
Project("{FAE04EC0-301F-11D3-BF4B-00C04F79EFBC}") = "StudentManagementSystem_assignmet", "StudentManagementSystem_assignmet.csproj", "{4BF7820A-E5E4-470D-9986-A7FC92CB4F8C}"
EndProject
Global
	GlobalSection(SolutionConfigurationPlatforms) = preSolution
		Debug|Any CPU = Debug|Any CPU
		Release|Any CPU = Release|Any CPU
	EndGlobalSection
	GlobalSection(ProjectConfigurationPlatforms) = postSolution
		{4BF7820A-E5E4-470D-9986-A7FC92CB4F8C}.Debug|Any CPU.ActiveCfg = Debug|Any CPU
		{4BF7820A-E5E4-470D-9986-A7FC92CB4F8C}.Debug|Any CPU.Build.0 = Debug|Any CPU
		{4BF7820A-E5E4-470D-9986-A7FC92CB4F8C}.Release|Any CPU.ActiveCfg = Release|Any CPU
		{4BF7820A-E5E4-470D-9986-A7FC92CB4F8C}.Release|Any CPU.Build.0 = Release|Any CPU
	EndGlobalSection
	GlobalSection(SolutionProperties) = preSolution
		HideSolutionNode = FALSE
	EndGlobalSection
	GlobalSection(ExtensibilityGlobals) = postSolution
		SolutionGuid = {39D77032-9151-47EC-B51C-B53E1A6E4620}
	EndGlobalSection
EndGlobal
